
Microsoft Visual Studio Solution File, Format Version 12.00
# Visual Studio Version 17
VisualStudioVersion = 17.2.32616.157
MinimumVisualStudioVersion = 10.0.40219.1
Project("{FAE04EC0-301F-11D3-BF4B-00C04F79EFBC}") = "Generics", "Generics\Generics.csproj", "{2C6014D7-E4FE-46BE-BF9D-69DABCC7B57C}"
EndProject
Project("{FAE04EC0-301F-11D3-BF4B-00C04F79EFBC}") = "WiredBrainCoffee", "WiredBrainCoffee\WiredBrainCoffee.csproj", "{6D232E63-FA23-446F-AF28-5B7C8FAD8D7E}"
EndProject
Global
	GlobalSection(SolutionConfigurationPlatforms) = preSolution
		Debug|Any CPU = Debug|Any CPU
		Release|Any CPU = Release|Any CPU
	EndGlobalSection
	GlobalSection(ProjectConfigurationPlatforms) = postSolution
		{2C6014D7-E4FE-46BE-BF9D-69DABCC7B57C}.Debug|Any CPU.ActiveCfg = Debug|Any CPU
		{2C6014D7-E4FE-46BE-BF9D-69DABCC7B57C}.Debug|Any CPU.Build.0 = Debug|Any CPU
		{2C6014D7-E4FE-46BE-BF9D-69DABCC7B57C}.Release|Any CPU.ActiveCfg = Release|Any CPU
		{2C6014D7-E4FE-46BE-BF9D-69DABCC7B57C}.Release|Any CPU.Build.0 = Release|Any CPU
		{6D232E63-FA23-446F-AF28-5B7C8FAD8D7E}.Debug|Any CPU.ActiveCfg = Debug|Any CPU
		{6D232E63-FA23-446F-AF28-5B7C8FAD8D7E}.Debug|Any CPU.Build.0 = Debug|Any CPU
		{6D232E63-FA23-446F-AF28-5B7C8FAD8D7E}.Release|Any CPU.ActiveCfg = Release|Any CPU
		{6D232E63-FA23-446F-AF28-5B7C8FAD8D7E}.Release|Any CPU.Build.0 = Release|Any CPU
	EndGlobalSection
	GlobalSection(SolutionProperties) = preSolution
		HideSolutionNode = FALSE
	EndGlobalSection
	GlobalSection(ExtensibilityGlobals) = postSolution
		SolutionGuid = {1DB0850A-9ADD-47B8-9268-666BA8EE9337}
	EndGlobalSection
EndGlobal
